
Microsoft Visual Studio Solution File, Format Version 12.00
# Visual Studio Version 17
VisualStudioVersion = 17.8.34511.84
MinimumVisualStudioVersion = 10.0.40219.1
Project("{9A19103F-16F7-4668-BE54-9A1E7A4F7556}") = "TidyHPC", "TidyHPC.csproj", "{22F903A4-C072-4130-9E63-B0CFA11EB347}"
EndProject
Project("{9A19103F-16F7-4668-BE54-9A1E7A4F7556}") = "TidyHPCDemo", "..\TidyHPCDemo\TidyHPCDemo.csproj", "{4049F56C-1F45-41C9-8E40-D4418D59450C}"
EndProject
Project("{9A19103F-16F7-4668-BE54-9A1E7A4F7556}") = "TidyExtensions", "..\TidyExtensions\TidyExtensions.csproj", "{39A06915-8143-4CC7-8BF0-B16F5CCA7309}"
EndProject
Project("{FAE04EC0-301F-11D3-BF4B-00C04F79EFBC}") = "TidyDB", "..\TidyDB\TidyDB.csproj", "{79D4DC4A-4F0F-494E-B398-B2F4049AEDB3}"
EndProject
Project("{9A19103F-16F7-4668-BE54-9A1E7A4F7556}") = "TidyHttp", "..\TidyHttp\TidyHttp.csproj", "{C22CD2F1-3E1E-47C8-B5FD-3237C2DC916F}"
EndProject
Project("{9A19103F-16F7-4668-BE54-9A1E7A4F7556}") = "TidyNetMessage", "..\TidyNetMessage\TidyNetMessage.csproj", "{1CACD259-7AE8-4C06-B373-547752F1CA11}"
EndProject
Global
	GlobalSection(SolutionConfigurationPlatforms) = preSolution
		Debug|Any CPU = Debug|Any CPU
		Release|Any CPU = Release|Any CPU
	EndGlobalSection
	GlobalSection(ProjectConfigurationPlatforms) = postSolution
		{22F903A4-C072-4130-9E63-B0CFA11EB347}.Debug|Any CPU.ActiveCfg = Debug|Any CPU
		{22F903A4-C072-4130-9E63-B0CFA11EB347}.Debug|Any CPU.Build.0 = Debug|Any CPU
		{22F903A4-C072-4130-9E63-B0CFA11EB347}.Release|Any CPU.ActiveCfg = Release|Any CPU
		{22F903A4-C072-4130-9E63-B0CFA11EB347}.Release|Any CPU.Build.0 = Release|Any CPU
		{4049F56C-1F45-41C9-8E40-D4418D59450C}.Debug|Any CPU.ActiveCfg = Debug|Any CPU
		{4049F56C-1F45-41C9-8E40-D4418D59450C}.Debug|Any CPU.Build.0 = Debug|Any CPU
		{4049F56C-1F45-41C9-8E40-D4418D59450C}.Release|Any CPU.ActiveCfg = Release|Any CPU
		{4049F56C-1F45-41C9-8E40-D4418D59450C}.Release|Any CPU.Build.0 = Release|Any CPU
		{39A06915-8143-4CC7-8BF0-B16F5CCA7309}.Debug|Any CPU.ActiveCfg = Debug|Any CPU
		{39A06915-8143-4CC7-8BF0-B16F5CCA7309}.Debug|Any CPU.Build.0 = Debug|Any CPU
		{39A06915-8143-4CC7-8BF0-B16F5CCA7309}.Release|Any CPU.ActiveCfg = Release|Any CPU
		{39A06915-8143-4CC7-8BF0-B16F5CCA7309}.Release|Any CPU.Build.0 = Release|Any CPU
		{79D4DC4A-4F0F-494E-B398-B2F4049AEDB3}.Debug|Any CPU.ActiveCfg = Debug|Any CPU
		{79D4DC4A-4F0F-494E-B398-B2F4049AEDB3}.Debug|Any CPU.Build.0 = Debug|Any CPU
		{79D4DC4A-4F0F-494E-B398-B2F4049AEDB3}.Release|Any CPU.ActiveCfg = Release|Any CPU
		{79D4DC4A-4F0F-494E-B398-B2F4049AEDB3}.Release|Any CPU.Build.0 = Release|Any CPU
		{C22CD2F1-3E1E-47C8-B5FD-3237C2DC916F}.Debug|Any CPU.ActiveCfg = Debug|Any CPU
		{C22CD2F1-3E1E-47C8-B5FD-3237C2DC916F}.Debug|Any CPU.Build.0 = Debug|Any CPU
		{C22CD2F1-3E1E-47C8-B5FD-3237C2DC916F}.Release|Any CPU.ActiveCfg = Release|Any CPU
		{C22CD2F1-3E1E-47C8-B5FD-3237C2DC916F}.Release|Any CPU.Build.0 = Release|Any CPU
		{1CACD259-7AE8-4C06-B373-547752F1CA11}.Debug|Any CPU.ActiveCfg = Debug|Any CPU
		{1CACD259-7AE8-4C06-B373-547752F1CA11}.Debug|Any CPU.Build.0 = Debug|Any CPU
		{1CACD259-7AE8-4C06-B373-547752F1CA11}.Release|Any CPU.ActiveCfg = Release|Any CPU
		{1CACD259-7AE8-4C06-B373-547752F1CA11}.Release|Any CPU.Build.0 = Release|Any CPU
	EndGlobalSection
	GlobalSection(SolutionProperties) = preSolution
		HideSolutionNode = FALSE
	EndGlobalSection
	GlobalSection(ExtensibilityGlobals) = postSolution
		SolutionGuid = {53C655B1-91C6-4F66-8DA5-E3B348D471C5}
	EndGlobalSection
EndGlobal
